github.com/aaronland/go-http-sanitize v0.0.8 h1:RRcwJwZtIb0J6xFPgW8a2OkQhMFG/uXkFFOFkCzMeKY=
github.com/aaronland/go-http-sanitize v0.0.8/go.mod h1:qUi4rzUPcpMntpUFnHK00yQI5vd/Q7x9MFYwX91/ygI=
github.com/aaronland/go-http-server v1.3.0 h1:LRkmG6i3BHTqxjtW6ZhcH0VpBo/UPSv0454u1GY0RK4=
github.com/aaronland/go-http-server v1.3.0/go.mod h1:m0lnF7yEaXAPBwa0oIAqyl4BkrtfFcDeTHXQYrlCavQ=
github.com/aaronland/go-roster v1.0.0 h1:FRDGrTqsYySKjWnAhbBGXyeGlI/o5/t9FZYCbUmyQtI=
github.com/aaronland/go-roster v1.0.0/go.mod h1:KIsYZgrJlAsyb9LsXSCvlqvbcCBVjCSqcQiZx42i9ro=
github.com/akrylysov/algnhsa v1.0.0 h1:qlogYL9n7MfU/TJJJCKqpg6gLgCuR/IkdFGwIJClBnE=
github.com/akrylysov/algnhsa v1.0.0/go.mod h1:ConzNpk7uLAl7Hi5LqcImgl3Oq2flRe6W7zum5A1p/8=
github.com/aws/aws-lambda-go v1.41.0 h1:l/5fyVb6Ud9uYd411xdHZzSf2n86TakxzpvIoz7l+3Y=
github.com/aws/aws-lambda-go v1.41.0/go.mod h1:jwFe2KmMsHmffA1X2R09hH6lFzJQxzI8qK17ewzbQMM=
github.com/davecgh/go-spew v1.1.1 h1:vj9j/u1bqnvCEfJOwUhtlOARqs3+rkHYY13jYWTU97c=
github.com/davecgh/go-spew v1.1.1/go.mod h1:J7Y8YcW2NihsgmVo/mv3lAwl/skON4iLHjSsI+c5H38=
github.com/dominikbraun/graph v0.16.1 h1:ZtzDQFo32vxwSUsK4ioX8bfE45xoh8hQfavFMlKpaC8=
github.com/dominikbraun/graph v0.16.1/go.mod h1:yOjYyogZLY1LSG9E33JWZJiq5k83Qy2C6POAuiViluc=
github.com/hashicorp/errwrap v1.0.0/go.mod h1:YH+1FKiLXxHSkmPseP+kNlulaMuP3n2brvKWEqk/Jc4=
github.com/hashicorp/errwrap v1.1.0 h1:OxrOeh75EUXMY8TBjag2fzXGZ40LB6IKw45YeGUDY2I=
github.com/hashicorp/errwrap v1.1.0/go.mod h1:YH+1FKiLXxHSkmPseP+kNlulaMuP3n2brvKWEqk/Jc4=
github.com/hashicorp/go-multierror v1.1.1 h1:H5DkEtf6CXdFp0N0Em5UCwQpXMWke8IA0+lD48awMYo=
github.com/hashicorp/go-multierror v1.1.1/go.mod h1:iw975J/qwKPdAO1clOe2L8331t/9/fmwbPZ6JB6eMoM=
github.com/mattn/go-sqlite3 v1.14.22 h1:2gZY6PC6kBnID23Tichd1K+Z0oS6nE/XwU+Vz/5o4kU=
github.com/mattn/go-sqlite3 v1.14.22/go.mod h1:Uh1q+B4BYcTPb+yiD3kU8Ct7aC0hY9fxUwlHK0RXw+Y=
github.com/pmezard/go-difflib v1.0.0 h1:4DBwDE0NGyQoBHbLQYPwSUPoCMWR5BEzIk/f1lZbAQM=
github.com/pmezard/go-difflib v1.0.0/go.mod h1:iKH77koFhYxTK1pcRnkKkqfTogsbg7gZNVY4sRDYZ/4=
github.com/sfomuseum/go-flags v0.10.0 h1:1OC1ACxpWMsl3XQ9OeNVMQj7Zi2CzufP3Rym3mPI8HU=
github.com/sfomuseum/go-flags v0.10.0/go.mod h1:VXOnnX1/yxQpX2yiwHaBV6aCmhtszQOL5bL1/nNo3co=
github.com/stretchr/testify v1.7.2 h1:4jaiDzPyXQvSd7D0EjG45355tLlV3VOECpq10pLC+8s=
github.com/stretchr/testify v1.7.2/go.mod h1:R6va5+xMeoiuVRoj+gSkQ7d3FALtqAAGI1FQKckRals=
github.com/whosonfirst/go-ioutil v1.0.2 h1:+GJPfa42OFn5A+5yJSc5jQTQIkNV3/MhYyg4pavdrC8=
github.com/whosonfirst/go-ioutil v1.0.2/go.mod h1:2dS1vWdAIkiHDvDF8fYyjv6k2NISmwaIjJJeEDBEdvg=
github.com/whosonfirst/go-reader v1.0.2 h1:eccnKKSMGR+X1SJyHUZN0/7qE7VbFQULqSVQU0Su3xs=
github.com/whosonfirst/go-reader v1.0.2/go.mod h1:2w9l/QusYZSiGuEof3RwCHUFnM492SSOF2H7UxS4YIE=
github.com/whosonfirst/go-sanitize v0.1.0 h1:ygSqCnakwdzH/m8UEa15zXGDsoo5/JJeRkgmAjXZrBU=
github.com/whosonfirst/go-sanitize v0.1.0/go.mod h1:p/emgbafMM0p5iVAz2XWwecYPl06Tw4Jos9rhTKIrt8=
github.com/whosonfirst/go-whosonfirst-placetypes v0.7.0 h1:hm1dySC23ZZYHDleAE201+s5HTUtgle38JlKzfVZVHA=
github.com/whosonfirst/go-whosonfirst-placetypes v0.7.0/go.mod h1:d7S4er4OFfFsgzMOnHH8mX8q+iPhXWB+merbrMDx/rk=
github.com/whosonfirst/go-whosonfirst-sources v0.1.0 h1:JuKLa6KWke22jBfJ1pM9WQHoz1/3pbDv2C+aR+THPPQ=
github.com/whosonfirst/go-whosonfirst-sources v0.1.0/go.mod h1:EUMHyGzUmqPPxlMmOp+28BFeoBdxxE0HCKRd67lkqGM=
github.com/whosonfirst/go-whosonfirst-spelunker v0.0.0-20240203235306-fca075c84be0 h1:UnWR8yPqUG8hL4XNsgrYbBR11FQqESEHNI2x2lhzOaU=
github.com/whosonfirst/go-whosonfirst-spelunker v0.0.0-20240203235306-fca075c84be0/go.mod h1:TRb6uGjuNgYJH54q5lguzq0WEoqejlE0/qtE610kLDs=
github.com/whosonfirst/go-whosonfirst-spelunker-httpd v0.0.0-20240203235833-9c40e1509091 h1:tF2bEh+WTeIZzs/eAZqjPkGwyB4xtSm6+JhbsGWtb8s=
github.com/whosonfirst/go-whosonfirst-spelunker-httpd v0.0.0-20240203235833-9c40e1509091/go.mod h1:QE7WaRF2s5dxH5bxIy1cRvdhu3Fk4XmLJglbY3oir/Q=
github.com/whosonfirst/go-whosonfirst-sql v0.0.1 h1:qp3/YK0/rQULdzYQBqTcKu/fOWVjpgooEZgux1yZo2c=
github.com/whosonfirst/go-whosonfirst-sql v0.0.1/go.mod h1:sQXkJTPfnxXbOPTCCxGjUydfQqATfEyO4xyxj2pEX3E=
github.com/whosonfirst/go-whosonfirst-uri v1.3.0 h1:LYOVLqP9rWQxauYVkdw65j5LZxEi8OK0GHh/qCEpX4g=
github.com/whosonfirst/go-whosonfirst-uri v1.3.0/go.mod h1:CuVygTCUpMG945MMvqHyqxvc/L5YkDaMrrVpRFr7ZxY=
gopkg.in/yaml.v3 v3.0.1 h1:fxVm/GzAzEWqLHuvctI91KS9hhNmmWOoWu0XTYJS7CA=
gopkg.in/yaml.v3 v3.0.1/go.mod h1:K4uyk7z7BCEPqu6E+C64Yfv1cQ7kz7rIZviUmN+EgEM=
